
Microsoft Visual Studio Solution File, Format Version 12.00
# Visual Studio 2017
Project("{FAE04EC0-301F-11D3-BF4B-00C04F79EFBC}") = "BTCoaster", "BTCoaster.csproj", "{448FFF6C-B131-6D3B-788D-3DF85628582A}"
EndProject
Project("{FAE04EC0-301F-11D3-BF4B-00C04F79EFBC}") = "BTCoaster.Editor", "BTCoaster.Editor.csproj", "{A24FE4FA-EC9E-FC41-3BC7-B8A25838D7A6}"
EndProject
Global
	GlobalSection(SolutionConfigurationPlatforms) = preSolution
		Debug|Any CPU = Debug|Any CPU
		Release|Any CPU = Release|Any CPU
	EndGlobalSection
	GlobalSection(ProjectConfigurationPlatforms) = postSolution
		{448FFF6C-B131-6D3B-788D-3DF85628582A}.Debug|Any CPU.ActiveCfg = Debug|Any CPU
		{448FFF6C-B131-6D3B-788D-3DF85628582A}.Debug|Any CPU.Build.0 = Debug|Any CPU
		{448FFF6C-B131-6D3B-788D-3DF85628582A}.Release|Any CPU.ActiveCfg = Release|Any CPU
		{448FFF6C-B131-6D3B-788D-3DF85628582A}.Release|Any CPU.Build.0 = Release|Any CPU
		{A24FE4FA-EC9E-FC41-3BC7-B8A25838D7A6}.Debug|Any CPU.ActiveCfg = Debug|Any CPU
		{A24FE4FA-EC9E-FC41-3BC7-B8A25838D7A6}.Debug|Any CPU.Build.0 = Debug|Any CPU
		{A24FE4FA-EC9E-FC41-3BC7-B8A25838D7A6}.Release|Any CPU.ActiveCfg = Release|Any CPU
		{A24FE4FA-EC9E-FC41-3BC7-B8A25838D7A6}.Release|Any CPU.Build.0 = Release|Any CPU
	EndGlobalSection
	GlobalSection(SolutionProperties) = preSolution
		HideSolutionNode = FALSE
	EndGlobalSection
EndGlobal
